
Microsoft Visual Studio Solution File, Format Version 12.00
# Visual Studio Version 17
VisualStudioVersion = 17.12.35707.178
MinimumVisualStudioVersion = 10.0.40219.1
Project("{2150E333-8FDC-42A3-9474-1A3956D46DE8}") = "Services", "Services", "{1F270B94-3445-4A4E-9F1A-C2BF9E91B231}"
EndProject
Project("{2150E333-8FDC-42A3-9474-1A3956D46DE8}") = "Catalog", "Catalog", "{A3626693-77B0-450C-BFC5-4EC796495CA9}"
EndProject
Project("{FAE04EC0-301F-11D3-BF4B-00C04F79EFBC}") = "Catalog.API", "Services\Catalog\Catalog.API\Catalog.API.csproj", "{25DFFDA0-FE50-435D-871E-580A97D31E81}"
EndProject
Project("{2150E333-8FDC-42A3-9474-1A3956D46DE8}") = "BuildingBlocks", "BuildingBlocks", "{08D622B4-AEDC-4E9B-99F7-C1F8B8BE923C}"
EndProject
Project("{FAE04EC0-301F-11D3-BF4B-00C04F79EFBC}") = "BuildingBlocks", "BuildingBlocks\BuildingBlocks\BuildingBlocks.csproj", "{555BAAD1-DB61-4B52-83C5-EB036AE7DF58}"
EndProject
Project("{E53339B2-1760-4266-BCC7-CA923CBCF16C}") = "docker-compose", "docker-compose.dcproj", "{3FA1866E-9A3C-4C4B-8F5D-5A191BDB9BA1}"
EndProject
Project("{2150E333-8FDC-42A3-9474-1A3956D46DE8}") = "Basket", "Basket", "{71AB38EF-2C67-451A-956A-91AB2A3B5E63}"
EndProject
Project("{FAE04EC0-301F-11D3-BF4B-00C04F79EFBC}") = "Basket.API", "Services\Basket\Basket.API\Basket.API.csproj", "{4F05633C-E8E7-453E-A09F-92ABDEF9D396}"
EndProject
Project("{2150E333-8FDC-42A3-9474-1A3956D46DE8}") = "Discount", "Discount", "{46D9CD6A-C064-414E-82E0-DE364578B7F8}"
EndProject
Project("{FAE04EC0-301F-11D3-BF4B-00C04F79EFBC}") = "Discount.Grpc", "Services\Discount\Discount.Grpc\Discount.Grpc.csproj", "{7B253BF1-F757-4C52-868E-C628DD715FCF}"
EndProject
Project("{2150E333-8FDC-42A3-9474-1A3956D46DE8}") = "Ordering", "Ordering", "{B935A28C-44B1-4AEC-B787-5156B595130A}"
EndProject
Project("{FAE04EC0-301F-11D3-BF4B-00C04F79EFBC}") = "Ordering.API", "Services\Ordering\Ordering.API\Ordering.API.csproj", "{2FBAFB8B-D5FF-4EDD-A19C-0DA702DA7285}"
EndProject
Project("{FAE04EC0-301F-11D3-BF4B-00C04F79EFBC}") = "Ordering.Domain", "Services\Ordering\Ordering.Domain\Ordering.Domain.csproj", "{C540D3A4-6B7F-4EB4-92C9-39FC5447EB16}"
EndProject
Project("{FAE04EC0-301F-11D3-BF4B-00C04F79EFBC}") = "Ordering.Application", "Services\Ordering\Ordering.Application\Ordering.Application.csproj", "{3A702F2B-9538-46A5-96E8-C746A7CCD35B}"
EndProject
Project("{FAE04EC0-301F-11D3-BF4B-00C04F79EFBC}") = "Ordering.Infrastructure", "Services\Ordering\Ordering.Infrastructure\Ordering.Infrastructure.csproj", "{8FD81F18-79D4-4B4D-ADC4-2C543B32CBE9}"
EndProject
Project("{FAE04EC0-301F-11D3-BF4B-00C04F79EFBC}") = "BuildingBlocks.Messaging", "BuildingBlocks\BuildingBlocks.Messaging\BuildingBlocks.Messaging.csproj", "{2CD80CC9-7850-401B-8C0B-FF75F7C41688}"
EndProject
Global
	GlobalSection(SolutionConfigurationPlatforms) = preSolution
		Debug|Any CPU = Debug|Any CPU
		Release|Any CPU = Release|Any CPU
	EndGlobalSection
	GlobalSection(ProjectConfigurationPlatforms) = postSolution
		{25DFFDA0-FE50-435D-871E-580A97D31E81}.Debug|Any CPU.ActiveCfg = Debug|Any CPU
		{25DFFDA0-FE50-435D-871E-580A97D31E81}.Debug|Any CPU.Build.0 = Debug|Any CPU
		{25DFFDA0-FE50-435D-871E-580A97D31E81}.Release|Any CPU.ActiveCfg = Release|Any CPU
		{25DFFDA0-FE50-435D-871E-580A97D31E81}.Release|Any CPU.Build.0 = Release|Any CPU
		{555BAAD1-DB61-4B52-83C5-EB036AE7DF58}.Debug|Any CPU.ActiveCfg = Debug|Any CPU
		{555BAAD1-DB61-4B52-83C5-EB036AE7DF58}.Debug|Any CPU.Build.0 = Debug|Any CPU
		{555BAAD1-DB61-4B52-83C5-EB036AE7DF58}.Release|Any CPU.ActiveCfg = Release|Any CPU
		{555BAAD1-DB61-4B52-83C5-EB036AE7DF58}.Release|Any CPU.Build.0 = Release|Any CPU
		{3FA1866E-9A3C-4C4B-8F5D-5A191BDB9BA1}.Debug|Any CPU.ActiveCfg = Debug|Any CPU
		{3FA1866E-9A3C-4C4B-8F5D-5A191BDB9BA1}.Debug|Any CPU.Build.0 = Debug|Any CPU
		{3FA1866E-9A3C-4C4B-8F5D-5A191BDB9BA1}.Release|Any CPU.ActiveCfg = Release|Any CPU
		{3FA1866E-9A3C-4C4B-8F5D-5A191BDB9BA1}.Release|Any CPU.Build.0 = Release|Any CPU
		{4F05633C-E8E7-453E-A09F-92ABDEF9D396}.Debug|Any CPU.ActiveCfg = Debug|Any CPU
		{4F05633C-E8E7-453E-A09F-92ABDEF9D396}.Debug|Any CPU.Build.0 = Debug|Any CPU
		{4F05633C-E8E7-453E-A09F-92ABDEF9D396}.Release|Any CPU.ActiveCfg = Release|Any CPU
		{4F05633C-E8E7-453E-A09F-92ABDEF9D396}.Release|Any CPU.Build.0 = Release|Any CPU
		{7B253BF1-F757-4C52-868E-C628DD715FCF}.Debug|Any CPU.ActiveCfg = Debug|Any CPU
		{7B253BF1-F757-4C52-868E-C628DD715FCF}.Debug|Any CPU.Build.0 = Debug|Any CPU
		{7B253BF1-F757-4C52-868E-C628DD715FCF}.Release|Any CPU.ActiveCfg = Release|Any CPU
		{7B253BF1-F757-4C52-868E-C628DD715FCF}.Release|Any CPU.Build.0 = Release|Any CPU
		{2FBAFB8B-D5FF-4EDD-A19C-0DA702DA7285}.Debug|Any CPU.ActiveCfg = Debug|Any CPU
		{2FBAFB8B-D5FF-4EDD-A19C-0DA702DA7285}.Debug|Any CPU.Build.0 = Debug|Any CPU
		{2FBAFB8B-D5FF-4EDD-A19C-0DA702DA7285}.Release|Any CPU.ActiveCfg = Release|Any CPU
		{2FBAFB8B-D5FF-4EDD-A19C-0DA702DA7285}.Release|Any CPU.Build.0 = Release|Any CPU
		{C540D3A4-6B7F-4EB4-92C9-39FC5447EB16}.Debug|Any CPU.ActiveCfg = Debug|Any CPU
		{C540D3A4-6B7F-4EB4-92C9-39FC5447EB16}.Debug|Any CPU.Build.0 = Debug|Any CPU
		{C540D3A4-6B7F-4EB4-92C9-39FC5447EB16}.Release|Any CPU.ActiveCfg = Release|Any CPU
		{C540D3A4-6B7F-4EB4-92C9-39FC5447EB16}.Release|Any CPU.Build.0 = Release|Any CPU
		{3A702F2B-9538-46A5-96E8-C746A7CCD35B}.Debug|Any CPU.ActiveCfg = Debug|Any CPU
		{3A702F2B-9538-46A5-96E8-C746A7CCD35B}.Debug|Any CPU.Build.0 = Debug|Any CPU
		{3A702F2B-9538-46A5-96E8-C746A7CCD35B}.Release|Any CPU.ActiveCfg = Release|Any CPU
		{3A702F2B-9538-46A5-96E8-C746A7CCD35B}.Release|Any CPU.Build.0 = Release|Any CPU
		{8FD81F18-79D4-4B4D-ADC4-2C543B32CBE9}.Debug|Any CPU.ActiveCfg = Debug|Any CPU
		{8FD81F18-79D4-4B4D-ADC4-2C543B32CBE9}.Debug|Any CPU.Build.0 = Debug|Any CPU
		{8FD81F18-79D4-4B4D-ADC4-2C543B32CBE9}.Release|Any CPU.ActiveCfg = Release|Any CPU
		{8FD81F18-79D4-4B4D-ADC4-2C543B32CBE9}.Release|Any CPU.Build.0 = Release|Any CPU
		{2CD80CC9-7850-401B-8C0B-FF75F7C41688}.Debug|Any CPU.ActiveCfg = Debug|Any CPU
		{2CD80CC9-7850-401B-8C0B-FF75F7C41688}.Debug|Any CPU.Build.0 = Debug|Any CPU
		{2CD80CC9-7850-401B-8C0B-FF75F7C41688}.Release|Any CPU.ActiveCfg = Release|Any CPU
		{2CD80CC9-7850-401B-8C0B-FF75F7C41688}.Release|Any CPU.Build.0 = Release|Any CPU
	EndGlobalSection
	GlobalSection(SolutionProperties) = preSolution
		HideSolutionNode = FALSE
	EndGlobalSection
	GlobalSection(NestedProjects) = preSolution
		{A3626693-77B0-450C-BFC5-4EC796495CA9} = {1F270B94-3445-4A4E-9F1A-C2BF9E91B231}
		{25DFFDA0-FE50-435D-871E-580A97D31E81} = {A3626693-77B0-450C-BFC5-4EC796495CA9}
		{555BAAD1-DB61-4B52-83C5-EB036AE7DF58} = {08D622B4-AEDC-4E9B-99F7-C1F8B8BE923C}
		{71AB38EF-2C67-451A-956A-91AB2A3B5E63} = {1F270B94-3445-4A4E-9F1A-C2BF9E91B231}
		{4F05633C-E8E7-453E-A09F-92ABDEF9D396} = {71AB38EF-2C67-451A-956A-91AB2A3B5E63}
		{46D9CD6A-C064-414E-82E0-DE364578B7F8} = {1F270B94-3445-4A4E-9F1A-C2BF9E91B231}
		{7B253BF1-F757-4C52-868E-C628DD715FCF} = {46D9CD6A-C064-414E-82E0-DE364578B7F8}
		{B935A28C-44B1-4AEC-B787-5156B595130A} = {1F270B94-3445-4A4E-9F1A-C2BF9E91B231}
		{2FBAFB8B-D5FF-4EDD-A19C-0DA702DA7285} = {B935A28C-44B1-4AEC-B787-5156B595130A}
		{C540D3A4-6B7F-4EB4-92C9-39FC5447EB16} = {B935A28C-44B1-4AEC-B787-5156B595130A}
		{3A702F2B-9538-46A5-96E8-C746A7CCD35B} = {B935A28C-44B1-4AEC-B787-5156B595130A}
		{8FD81F18-79D4-4B4D-ADC4-2C543B32CBE9} = {B935A28C-44B1-4AEC-B787-5156B595130A}
		{2CD80CC9-7850-401B-8C0B-FF75F7C41688} = {08D622B4-AEDC-4E9B-99F7-C1F8B8BE923C}
	EndGlobalSection
EndGlobal
